<?xml version="1.0" encoding="UTF-8" standalone="yes" ?>
<CodeBlocks_project_file>
	<FileVersion major="1" minor="6" />
	<Project>
		<Option title="stochastic_tests" />
		<Option pch_mode="2" />
		<Option compiler="gcc" />
		<Build>
			<Target title="Debug">
				<Option output="./bin/Debug/stochastic_tests" prefix_auto="1" extension_auto="1" />
				<Option object_output="./obj/Debug/" />
				<Option type="1" />
				<Option compiler="gcc" />
				<Compiler>
					<Add option="-g" />
				</Compiler>
			</Target>
			<Target title="Release">
				<Option output="./bin/Release/stochastic_tests" prefix_auto="1" extension_auto="1" />
				<Option object_output="./obj/Release/" />
				<Option type="1" />
				<Option compiler="gcc" />
				<Compiler>
					<Add option="-O2" />
				</Compiler>
				<Linker>
					<Add option="-s" />
				</Linker>
			</Target>
		</Build>
		<Compiler>
			<Add option="-Wall" />
			<Add option="-fexceptions" />
			<Add directory="../../../Ural" />
			<Add directory="../../boost/array/include" />
			<Add directory="../../boost/assert/include" />
			<Add directory="../../boost/concept_check/include" />
			<Add directory="../../boost/config/include" />
			<Add directory="../../boost/container/include" />
			<Add directory="../../boost/core/include" />
			<Add directory="../../boost/format/include" />
			<Add directory="../../boost/integer/include" />
			<Add directory="../../boost/iterator/include" />
			<Add directory="../../boost/lexical_cast/include" />
			<Add directory="../../boost/math/include" />
			<Add directory="../../boost/move/include" />
			<Add directory="../../boost/mpl/include" />
			<Add directory="../../boost/numeric_conversion/include" />
			<Add directory="../../boost/optional/include" />
			<Add directory="../../boost/predef/include" />
			<Add directory="../../boost/preprocessor/include" />
			<Add directory="../../boost/range/include" />
			<Add directory="../../boost/smart_ptr/include" />
			<Add directory="../../boost/static_assert/include" />
			<Add directory="../../boost/throw_exception/include" />
			<Add directory="../../boost/type_traits/include" />
			<Add directory="../../boost/utility/include" />
			<Add directory="../../boostorg/detail/include" />
		</Compiler>
		<Unit filename="main.cpp" />
		<Extensions>
			<code_completion />
			<envvars />
			<debugger />
		</Extensions>
	</Project>
</CodeBlocks_project_file>
