<?xml version="1.0" encoding="UTF-8" standalone="yes" ?>
<CodeBlocks_project_file>
	<FileVersion major="1" minor="6" />
	<Project>
		<Option title="ural_test" />
		<Option pch_mode="2" />
		<Option compiler="gcc" />
		<Build>
			<Target title="Debug">
				<Option output="bin/Debug/ural_test" prefix_auto="1" extension_auto="1" />
				<Option object_output="obj/Debug/" />
				<Option type="1" />
				<Option compiler="gcc" />
				<Compiler>
					<Add option="-g" />
				</Compiler>
			</Target>
			<Target title="Release">
				<Option output="bin/Release/ural_test" prefix_auto="1" extension_auto="1" />
				<Option object_output="obj/Release/" />
				<Option type="1" />
				<Option compiler="gcc" />
				<Compiler>
					<Add option="-O2" />
				</Compiler>
				<Linker>
					<Add option="-s" />
				</Linker>
			</Target>
		</Build>
		<Compiler>
			<Add option="-Wall" />
			<Add option="-fexceptions" />
			<Add directory=".." />
		</Compiler>
		<Unit filename="../boost_1_54/libs/test/src/compiler_log_formatter.cpp" />
		<Unit filename="../boost_1_54/libs/test/src/debug.cpp" />
		<Unit filename="../boost_1_54/libs/test/src/execution_monitor.cpp" />
		<Unit filename="../boost_1_54/libs/test/src/framework.cpp" />
		<Unit filename="../boost_1_54/libs/test/src/plain_report_formatter.cpp" />
		<Unit filename="../boost_1_54/libs/test/src/progress_monitor.cpp" />
		<Unit filename="../boost_1_54/libs/test/src/results_collector.cpp" />
		<Unit filename="../boost_1_54/libs/test/src/results_reporter.cpp" />
		<Unit filename="../boost_1_54/libs/test/src/test_tools.cpp" />
		<Unit filename="../boost_1_54/libs/test/src/unit_test_log.cpp" />
		<Unit filename="../boost_1_54/libs/test/src/unit_test_main.cpp" />
		<Unit filename="../boost_1_54/libs/test/src/unit_test_monitor.cpp" />
		<Unit filename="../boost_1_54/libs/test/src/unit_test_parameters.cpp" />
		<Unit filename="../boost_1_54/libs/test/src/unit_test_suite.cpp" />
		<Unit filename="../boost_1_54/libs/test/src/xml_log_formatter.cpp" />
		<Unit filename="../boost_1_54/libs/test/src/xml_report_formatter.cpp" />
		<Unit filename="../roadmap.txt" />
		<Unit filename="../tests/algo_tests.cpp" />
		<Unit filename="../tests/functional_test.cpp" />
		<Unit filename="../tests/iterator_sequence_test.cpp" />
		<Unit filename="../tests/numeric_tests.cpp" />
		<Unit filename="../tests/optional_tests.cpp" />
		<Unit filename="../tests/sequence_test.cpp" />
		<Unit filename="../tests/tuple_tests.cpp" />
		<Unit filename="../ural/algorithm.hpp" />
		<Unit filename="../ural/algorithm/details/algo_base.hpp" />
		<Unit filename="../ural/algorithm/details/copy.hpp" />
		<Unit filename="../ural/concepts.hpp" />
		<Unit filename="../ural/defs.hpp" />
		<Unit filename="../ural/functional.hpp" />
		<Unit filename="../ural/functional/replace.hpp" />
		<Unit filename="../ural/memory.hpp" />
		<Unit filename="../ural/numeric.hpp" />
		<Unit filename="../ural/numeric/adjacent_differences.hpp" />
		<Unit filename="../ural/numeric/details/num_algo.hpp" />
		<Unit filename="../ural/numeric/partial_sums.hpp" />
		<Unit filename="../ural/optional.hpp" />
		<Unit filename="../ural/placeholders.hpp" />
		<Unit filename="../ural/sequence/all.hpp" />
		<Unit filename="../ural/sequence/base.hpp">
			<Option target="Debug" />
		</Unit>
		<Unit filename="../ural/sequence/filtered.hpp" />
		<Unit filename="../ural/sequence/function_output.hpp" />
		<Unit filename="../ural/sequence/generator.hpp" />
		<Unit filename="../ural/sequence/insertion.hpp" />
		<Unit filename="../ural/sequence/iterator_sequence.hpp" />
		<Unit filename="../ural/sequence/make.hpp" />
		<Unit filename="../ural/sequence/moved.hpp" />
		<Unit filename="../ural/sequence/replace.hpp" />
		<Unit filename="../ural/sequence/set_operations.hpp" />
		<Unit filename="../ural/sequence/transform.hpp" />
		<Unit filename="../ural/thread.hpp" />
		<Unit filename="../ural/tuple.hpp" />
		<Unit filename="../ural/utility/tracers.hpp" />
		<Unit filename="main.cpp" />
		<Extensions>
			<code_completion />
			<envvars />
			<debugger />
			<lib_finder disable_auto="1" />
			<DoxyBlocks>
				<comment_style block="0" line="0" />
				<doxyfile_project output_language="Russian" />
				<doxyfile_build />
				<doxyfile_warnings warn_if_undocumented="1" />
				<doxyfile_output />
				<doxyfile_dot />
				<general />
			</DoxyBlocks>
		</Extensions>
	</Project>
</CodeBlocks_project_file>
