<?xml version="1.0" encoding="UTF-8" standalone="yes" ?>
<CodeBlocks_project_file>
	<FileVersion major="1" minor="6" />
	<Project>
		<Option title="ural_test" />
		<Option pch_mode="2" />
		<Option compiler="gcc" />
		<Build>
			<Target title="Debug">
				<Option output="bin/Debug/ural_test" prefix_auto="1" extension_auto="1" />
				<Option object_output="obj/Debug/" />
				<Option type="1" />
				<Option compiler="gcc" />
				<Compiler>
					<Add option="-g" />
				</Compiler>
			</Target>
			<Target title="Release">
				<Option output="bin/Release/ural_test" prefix_auto="1" extension_auto="1" />
				<Option object_output="obj/Release/" />
				<Option type="1" />
				<Option compiler="gcc" />
				<Compiler>
					<Add option="-fexpensive-optimizations" />
					<Add option="-O3" />
				</Compiler>
				<Linker>
					<Add option="-s" />
				</Linker>
			</Target>
		</Build>
		<Compiler>
			<Add option="-Wall" />
			<Add option="-fexceptions" />
			<Add option="-std=gnu++11" />
			<Add directory=".." />
		</Compiler>
		<Unit filename="../README.md" />
		<Unit filename="../boost_1_54/libs/test/src/compiler_log_formatter.cpp" />
		<Unit filename="../boost_1_54/libs/test/src/debug.cpp" />
		<Unit filename="../boost_1_54/libs/test/src/execution_monitor.cpp" />
		<Unit filename="../boost_1_54/libs/test/src/framework.cpp" />
		<Unit filename="../boost_1_54/libs/test/src/plain_report_formatter.cpp" />
		<Unit filename="../boost_1_54/libs/test/src/progress_monitor.cpp" />
		<Unit filename="../boost_1_54/libs/test/src/results_collector.cpp" />
		<Unit filename="../boost_1_54/libs/test/src/results_reporter.cpp" />
		<Unit filename="../boost_1_54/libs/test/src/test_tools.cpp" />
		<Unit filename="../boost_1_54/libs/test/src/unit_test_log.cpp" />
		<Unit filename="../boost_1_54/libs/test/src/unit_test_main.cpp" />
		<Unit filename="../boost_1_54/libs/test/src/unit_test_monitor.cpp" />
		<Unit filename="../boost_1_54/libs/test/src/unit_test_parameters.cpp" />
		<Unit filename="../boost_1_54/libs/test/src/unit_test_suite.cpp" />
		<Unit filename="../boost_1_54/libs/test/src/xml_log_formatter.cpp" />
		<Unit filename="../boost_1_54/libs/test/src/xml_report_formatter.cpp" />
		<Unit filename="../notes.txt" />
		<Unit filename="../roadmap.txt" />
		<Unit filename="../tests/algo_tests.cpp" />
		<Unit filename="../tests/concepts_checks.cpp" />
		<Unit filename="../tests/container/flat_set.cpp" />
		<Unit filename="../tests/container/general.cpp" />
		<Unit filename="../tests/container/vector.cpp" />
		<Unit filename="../tests/defs.hpp" />
		<Unit filename="../tests/disjoint_set_test.cpp" />
		<Unit filename="../tests/expected_test.cpp" />
		<Unit filename="../tests/flex_string_tests.cpp" />
		<Unit filename="../tests/functional_test.cpp" />
		<Unit filename="../tests/io_tests.cpp" />
		<Unit filename="../tests/iterator_sequence_test.cpp" />
		<Unit filename="../tests/iterator_test.cpp" />
		<Unit filename="../tests/math_tests.cpp" />
		<Unit filename="../tests/memory_test.cpp" />
		<Unit filename="../tests/meta_tests.cpp" />
		<Unit filename="../tests/numeric_tests.cpp" />
		<Unit filename="../tests/optional_tests.cpp" />
		<Unit filename="../tests/random_tests.cpp" />
		<Unit filename="../tests/rational_tests.cpp" />
		<Unit filename="../tests/rnd.cpp" />
		<Unit filename="../tests/rnd.hpp" />
		<Unit filename="../tests/sequence/reversed.cpp" />
		<Unit filename="../tests/sequence_test.cpp" />
		<Unit filename="../tests/statistics/distributions_discrete.cpp" />
		<Unit filename="../tests/statistics/statistics_tests.cpp" />
		<Unit filename="../tests/tracers_tests.cpp" />
		<Unit filename="../tests/tuple_tests.cpp" />
		<Unit filename="../tests/utility_test.cpp" />
		<Unit filename="../ural/abi.hpp" />
		<Unit filename="../ural/algorithm.hpp" />
		<Unit filename="../ural/algorithm/copy.hpp" />
		<Unit filename="../ural/algorithm/details/algo_base.hpp" />
		<Unit filename="../ural/archetypes.hpp" />
		<Unit filename="../ural/concepts.hpp" />
		<Unit filename="../ural/container/container_facade.hpp" />
		<Unit filename="../ural/container/flat_set.hpp" />
		<Unit filename="../ural/container/policy.hpp" />
		<Unit filename="../ural/container/vector.hpp" />
		<Unit filename="../ural/defs.hpp" />
		<Unit filename="../ural/disjoint_set.hpp" />
		<Unit filename="../ural/distributions/discrete.hpp" />
		<Unit filename="../ural/flex_string.hpp" />
		<Unit filename="../ural/format.hpp" />
		<Unit filename="../ural/format/stream_traits.hpp" />
		<Unit filename="../ural/functional.hpp" />
		<Unit filename="../ural/functional/adjoin.hpp" />
		<Unit filename="../ural/functional/compare_by.hpp" />
		<Unit filename="../ural/functional/compose.hpp" />
		<Unit filename="../ural/functional/cpp_operators.hpp" />
		<Unit filename="../ural/functional/make_functor.hpp" />
		<Unit filename="../ural/functional/memoize.hpp" />
		<Unit filename="../ural/functional/replace.hpp" />
		<Unit filename="../ural/iterator/move.hpp" />
		<Unit filename="../ural/math.hpp" />
		<Unit filename="../ural/math/common_factor.hpp" />
		<Unit filename="../ural/math/continued_fraction.hpp" />
		<Unit filename="../ural/math/primes.hpp" />
		<Unit filename="../ural/math/rational.hpp" />
		<Unit filename="../ural/memory.hpp" />
		<Unit filename="../ural/meta/algo.hpp" />
		<Unit filename="../ural/meta/functional.hpp" />
		<Unit filename="../ural/meta/hierarchy.hpp" />
		<Unit filename="../ural/meta/list.hpp" />
		<Unit filename="../ural/meta/map.hpp" />
		<Unit filename="../ural/numeric.hpp" />
		<Unit filename="../ural/numeric/adjacent_differences.hpp" />
		<Unit filename="../ural/numeric/interpolation.hpp" />
		<Unit filename="../ural/numeric/matrix.hpp" />
		<Unit filename="../ural/numeric/matrix_decomposition.hpp" />
		<Unit filename="../ural/numeric/mp/integer.hpp" />
		<Unit filename="../ural/numeric/mp/integer_10.hpp" />
		<Unit filename="../ural/numeric/numbers_sequence.hpp" />
		<Unit filename="../ural/numeric/partial_sums.hpp" />
		<Unit filename="../ural/numeric/polynom.hpp" />
		<Unit filename="../ural/operators.hpp" />
		<Unit filename="../ural/optional.hpp" />
		<Unit filename="../ural/placeholders.hpp" />
		<Unit filename="../ural/random.hpp" />
		<Unit filename="../ural/random/c_rand_engine.hpp" />
		<Unit filename="../ural/sequence/all.hpp" />
		<Unit filename="../ural/sequence/all_tuples.hpp" />
		<Unit filename="../ural/sequence/base.hpp">
			<Option target="Debug" />
		</Unit>
		<Unit filename="../ural/sequence/by_line.hpp" />
		<Unit filename="../ural/sequence/filtered.hpp" />
		<Unit filename="../ural/sequence/function_output.hpp" />
		<Unit filename="../ural/sequence/generator.hpp" />
		<Unit filename="../ural/sequence/insertion.hpp" />
		<Unit filename="../ural/sequence/iostream.hpp" />
		<Unit filename="../ural/sequence/iterator_sequence.hpp" />
		<Unit filename="../ural/sequence/make.hpp" />
		<Unit filename="../ural/sequence/map.hpp" />
		<Unit filename="../ural/sequence/moved.hpp" />
		<Unit filename="../ural/sequence/outdirected.hpp" />
		<Unit filename="../ural/sequence/partition.hpp" />
		<Unit filename="../ural/sequence/progression.hpp" />
		<Unit filename="../ural/sequence/remove.hpp" />
		<Unit filename="../ural/sequence/replace.hpp" />
		<Unit filename="../ural/sequence/reversed.hpp" />
		<Unit filename="../ural/sequence/sequence_iterator.hpp" />
		<Unit filename="../ural/sequence/set_operations.hpp" />
		<Unit filename="../ural/sequence/sink.hpp" />
		<Unit filename="../ural/sequence/taken.hpp" />
		<Unit filename="../ural/sequence/to.hpp" />
		<Unit filename="../ural/sequence/transform.hpp" />
		<Unit filename="../ural/sequence/uniqued.hpp" />
		<Unit filename="../ural/sequence/zip.hpp" />
		<Unit filename="../ural/statistics.hpp" />
		<Unit filename="../ural/statistics/probability.hpp" />
		<Unit filename="../ural/thread.hpp" />
		<Unit filename="../ural/tuple.hpp" />
		<Unit filename="../ural/type_traits.hpp" />
		<Unit filename="../ural/utility.hpp" />
		<Unit filename="../ural/utility/expected.hpp" />
		<Unit filename="../ural/utility/tracers.hpp" />
		<Unit filename="main.cpp" />
		<Extensions>
			<code_completion />
			<envvars />
			<debugger />
			<lib_finder disable_auto="1" />
			<DoxyBlocks>
				<comment_style block="0" line="0" />
				<doxyfile_project output_language="Russian" />
				<doxyfile_build />
				<doxyfile_warnings warn_if_undocumented="1" />
				<doxyfile_output />
				<doxyfile_dot />
				<general />
			</DoxyBlocks>
		</Extensions>
	</Project>
</CodeBlocks_project_file>
